
Microsoft Visual Studio Solution File, Format Version 12.00
# Visual Studio Version 16
VisualStudioVersion = 16.0.29215.179
MinimumVisualStudioVersion = 10.0.40219.1
Project("{FAE04EC0-301F-11D3-BF4B-00C04F79EFBC}") = "mc692617_MIS4200", "mc692617_MIS4200.csproj", "{B1E3D38F-FF15-409E-925E-3D0CBDD084AE}"
EndProject
Global
	GlobalSection(SolutionConfigurationPlatforms) = preSolution
		Debug|Any CPU = Debug|Any CPU
		Release|Any CPU = Release|Any CPU
	EndGlobalSection
	GlobalSection(ProjectConfigurationPlatforms) = postSolution
		{B1E3D38F-FF15-409E-925E-3D0CBDD084AE}.Debug|Any CPU.ActiveCfg = Debug|Any CPU
		{B1E3D38F-FF15-409E-925E-3D0CBDD084AE}.Debug|Any CPU.Build.0 = Debug|Any CPU
		{B1E3D38F-FF15-409E-925E-3D0CBDD084AE}.Release|Any CPU.ActiveCfg = Release|Any CPU
		{B1E3D38F-FF15-409E-925E-3D0CBDD084AE}.Release|Any CPU.Build.0 = Release|Any CPU
	EndGlobalSection
	GlobalSection(SolutionProperties) = preSolution
		HideSolutionNode = FALSE
	EndGlobalSection
	GlobalSection(ExtensibilityGlobals) = postSolution
		SolutionGuid = {77288FA8-F6BD-4505-8345-FB7AE9672982}
	EndGlobalSection
EndGlobal
